<?xml version="1.0" encoding="utf-8"?>
<Project ToolsVersion="4.0" xmlns="http://schemas.microsoft.com/developer/msbuild/2003">
  <ItemGroup>
    <Filter Include="资源文件">
      <UniqueIdentifier>{67DA6AB6-F800-4c08-8B7A-83BB121AAD01}</UniqueIdentifier>
      <Extensions>rc;ico;cur;bmp;dlg;rc2;rct;bin;rgs;gif;jpg;jpeg;jpe;resx;tiff;tif;png;wav;mfcribbon-ms</Extensions>
    </Filter>
    <Filter Include="src">
      <UniqueIdentifier>{f8e932c3-6d4d-4b92-874d-8a71a54210e0}</UniqueIdentifier>
    </Filter>
    <Filter Include="conf">
      <UniqueIdentifier>{b1bc6de7-b47e-49d8-aaf8-5625ce659f5f}</UniqueIdentifier>
    </Filter>
    <Filter Include="utils">
      <UniqueIdentifier>{90805b31-2265-4065-8d01-7a6546c40cfd}</UniqueIdentifier>
    </Filter>
    <Filter Include="test">
      <UniqueIdentifier>{0a1dead2-73e3-4153-8b2d-5fe358902a64}</UniqueIdentifier>
    </Filter>
    <Filter Include="utils\thirdParty">
      <UniqueIdentifier>{f3dea74d-82fd-48cd-a7ef-36101cc73663}</UniqueIdentifier>
    </Filter>
  </ItemGroup>
  <ItemGroup>
    <ClCompile Include="utils\thread_pool.c" />
    <ClCompile Include="utils\socket_basic.c" />
    <ClCompile Include="utils\random.c" />
    <ClCompile Include="utils\mysql_connection_pool.c" />
    <ClCompile Include="utils\mysql_basic.c" />
    <ClCompile Include="utils\memory_pool.c" />
    <ClCompile Include="utils\log.c" />
    <ClCompile Include="utils\en_de_crypt.c" />
    <ClCompile Include="utils\config.c" />
    <ClCompile Include="utils\c_json.c" />
    <ClCompile Include="utils\basic.c" />
    <ClCompile Include="test\test_mysql_connection_pool.c" />
    <ClCompile Include="test\test_mysql_basic.c" />
    <ClCompile Include="test\test_memory_pool.c" />
    <ClCompile Include="test\test_log.c" />
    <ClCompile Include="test\test_en_de_crypt.c" />
    <ClCompile Include="test\test_config.c" />
    <ClCompile Include="test\test_c_json.c" />
    <ClCompile Include="test\test_basic.c" />
    <ClCompile Include="src\main.c">
      <Filter>src</Filter>
    </ClCompile>
    <ClCompile Include="utils\basic_struct\list.c" />
    <ClCompile Include="test\test_list.c" />
    <ClCompile Include="utils\basic_struct\dict.c" />
    <ClCompile Include="utils\basic_struct\rtree.c" />
    <ClCompile Include="test\test_dict.c" />
    <ClCompile Include="utils\basic_struct\siphash.c" />
    <ClCompile Include="utils\event\ae.c" />
    <ClCompile Include="utils\event\ae_select.c" />
    <ClCompile Include="test\test_poll_event.c" />
    <ClCompile Include="test\test_thread_pool.c" />
    <ClCompile Include="utils\socket_server.c" />
    <ClCompile Include="utils\function_route.c" />
    <ClCompile Include="src\service\service.c" />
    <ClCompile Include="src\model\user.c" />
    <ClCompile Include="utils\error.c" />
    <ClCompile Include="test\test_socketsafe.c" />
    <ClCompile Include="test\test_socket.c" />
    <ClCompile Include="test\test_table_user.c" />
    <ClCompile Include="src\service\service_basic.c" />
    <ClCompile Include="src\model\notice.c" />
    <ClCompile Include="test\test_table_notice.c" />
    <ClCompile Include="test\test_table_appUpdate.c" />
    <ClCompile Include="src\service\massage_gateway.c" />
    <ClCompile Include="src\service\cache.c" />
    <ClCompile Include="src\model\appVersion.c" />
  </ItemGroup>
  <ItemGroup>
    <None Include="conf\config.ini">
      <Filter>conf</Filter>
    </None>
    <None Include="third\openssl\lib\win32\libeay32.dll" />
    <None Include="third\pthread\lib\win32\pthreadVC2.dll" />
    <None Include="third\mysql\lib\win32\libmysql.dll" />
  </ItemGroup>
  <ItemGroup>
    <ClInclude Include="utils\basic.h" />
    <ClInclude Include="utils\en_de_crypt.h" />
    <ClInclude Include="third\pthread\include\pthread.h" />
    <ClInclude Include="third\pthread\include\sched.h" />
    <ClInclude Include="third\pthread\include\semaphore.h" />
    <ClInclude Include="utils\thread_pool.h" />
    <ClInclude Include="utils\mysql_basic.h" />
    <ClInclude Include="utils\mysql_connection_pool.h" />
    <ClInclude Include="utils\config.h" />
    <ClInclude Include="utils\log.h" />
    <ClInclude Include="utils\c_json.h" />
    <ClInclude Include="utils\memory_pool.h" />
    <ClInclude Include="utils\random.h" />
    <ClInclude Include="utils\socket_basic.h" />
    <ClInclude Include="utils\basic_struct\dict.h" />
    <ClInclude Include="utils\basic_struct\list.h" />
    <ClInclude Include="utils\basic_struct\rtree.h" />
    <ClInclude Include="utils\event\ae.h" />
    <ClInclude Include="utils\socket_server.h" />
    <ClInclude Include="utils\function_route.h" />
    <ClInclude Include="src\service\service.h" />
    <ClInclude Include="src\model\user.h" />
    <ClInclude Include="utils\error.h" />
    <ClInclude Include="src\service\service_basic.h" />
    <ClInclude Include="src\model\notice.h" />
    <ClInclude Include="src\model\model.h" />
    <ClInclude Include="src\service\message_gateway.h" />
    <ClInclude Include="src\service\cache.h" />
    <ClInclude Include="src\model\appVersion.h" />
  </ItemGroup>
  <ItemGroup>
    <Library Include="third\openssl\lib\win32\libeay32.lib" />
    <Library Include="third\pthread\lib\win32\pthreadVC2.lib" />
    <Library Include="third\mysql\lib\win32\libmysql.lib" />
  </ItemGroup>
</Project>